
Microsoft Visual Studio Solution File, Format Version 12.00
# Visual Studio Version 17
VisualStudioVersion = 17.0.32014.148
MinimumVisualStudioVersion = 10.0.40219.1
Project("{FAE04EC0-301F-11D3-BF4B-00C04F79EFBC}") = "Lab1_1", "Lab1_1\Lab1_1.csproj", "{01FC59A2-03D2-4749-8FCE-53069B39C887}"
EndProject
Global
	GlobalSection(SolutionConfigurationPlatforms) = preSolution
		Debug|Any CPU = Debug|Any CPU
		Release|Any CPU = Release|Any CPU
	EndGlobalSection
	GlobalSection(ProjectConfigurationPlatforms) = postSolution
		{01FC59A2-03D2-4749-8FCE-53069B39C887}.Debug|Any CPU.ActiveCfg = Debug|Any CPU
		{01FC59A2-03D2-4749-8FCE-53069B39C887}.Debug|Any CPU.Build.0 = Debug|Any CPU
		{01FC59A2-03D2-4749-8FCE-53069B39C887}.Release|Any CPU.ActiveCfg = Release|Any CPU
		{01FC59A2-03D2-4749-8FCE-53069B39C887}.Release|Any CPU.Build.0 = Release|Any CPU
	EndGlobalSection
	GlobalSection(SolutionProperties) = preSolution
		HideSolutionNode = FALSE
	EndGlobalSection
	GlobalSection(ExtensibilityGlobals) = postSolution
		SolutionGuid = {2AF4B486-D2B4-4E12-A2B3-2BB1B1AC7EB9}
	EndGlobalSection
EndGlobal
